// !$*UTF8*$!
{
	archiveVersion = 1;
	classes = {
	};
	objectVersion = 56;
	objects = {

/* Begin PBXBuildFile section */
		7865E11D2B9B97B0000BDC55 /* AppDelegate.swift in Sources */ = {isa = PBXBuildFile; fileRef = 7865E11C2B9B97B0000BDC55 /* AppDelegate.swift */; };
		7865E11F2B9B97B0000BDC55 /* SceneDelegate.swift in Sources */ = {isa = PBXBuildFile; fileRef = 7865E11E2B9B97B0000BDC55 /* SceneDelegate.swift */; };
		7865E1212B9B97B0000BDC55 /* PlayerViewController.swift in Sources */ = {isa = PBXBuildFile; fileRef = 7865E1202B9B97B0000BDC55 /* PlayerViewController.swift */; };
		7865E1242B9B97B0000BDC55 /* Main.storyboard in Resources */ = {isa = PBXBuildFile; fileRef = 7865E1222B9B97B0000BDC55 /* Main.storyboard */; };
		7865E1262B9B97B1000BDC55 /* Assets.xcassets in Resources */ = {isa = PBXBuildFile; fileRef = 7865E1252B9B97B1000BDC55 /* Assets.xcassets */; };
		7865E1292B9B97B1000BDC55 /* LaunchScreen.storyboard in Resources */ = {isa = PBXBuildFile; fileRef = 7865E1272B9B97B1000BDC55 /* LaunchScreen.storyboard */; };
		788216942B9E250F00A307F1 /* HeroeLogic.swift in Sources */ = {isa = PBXBuildFile; fileRef = 788216882B9E250F00A307F1 /* HeroeLogic.swift */; };
		788216952B9E250F00A307F1 /* Heroes.storyboard in Resources */ = {isa = PBXBuildFile; fileRef = 788216892B9E250F00A307F1 /* Heroes.storyboard */; };
		788216962B9E250F00A307F1 /* HeroesTableViewController.swift in Sources */ = {isa = PBXBuildFile; fileRef = 7882168C2B9E250F00A307F1 /* HeroesTableViewController.swift */; };
		788216972B9E250F00A307F1 /* HeroeDetailTableViewController.swift in Sources */ = {isa = PBXBuildFile; fileRef = 7882168D2B9E250F00A307F1 /* HeroeDetailTableViewController.swift */; };
		788216982B9E250F00A307F1 /* Heroe.swift in Sources */ = {isa = PBXBuildFile; fileRef = 7882168F2B9E250F00A307F1 /* Heroe.swift */; };
		788216992B9E250F00A307F1 /* JSONLoader.swift in Sources */ = {isa = PBXBuildFile; fileRef = 788216912B9E250F00A307F1 /* JSONLoader.swift */; };
		7882169A2B9E250F00A307F1 /* DataInteractor.swift in Sources */ = {isa = PBXBuildFile; fileRef = 788216922B9E250F00A307F1 /* DataInteractor.swift */; };
		7882169F2B9E298100A307F1 /* SuperHeroes.json in Resources */ = {isa = PBXBuildFile; fileRef = 7882169E2B9E298100A307F1 /* SuperHeroes.json */; };
		788216A22B9E56EE00A307F1 /* PlayerLogic.swift in Sources */ = {isa = PBXBuildFile; fileRef = 788216A12B9E56ED00A307F1 /* PlayerLogic.swift */; };
		788216A52B9E58A800A307F1 /* PlayerInteractor.swift in Sources */ = {isa = PBXBuildFile; fileRef = 788216A42B9E58A800A307F1 /* PlayerInteractor.swift */; };
		7886ED4E2B9C832C00BEBF85 /* PlayerTableViewCell.swift in Sources */ = {isa = PBXBuildFile; fileRef = 7886ED4D2B9C832C00BEBF85 /* PlayerTableViewCell.swift */; };
		7886ED502B9C8CC300BEBF85 /* PlayerViewController+TableViewExtension.swift in Sources */ = {isa = PBXBuildFile; fileRef = 7886ED4F2B9C8CC300BEBF85 /* PlayerViewController+TableViewExtension.swift */; };
		7886ED532B9C90F700BEBF85 /* PlayerAppSelectorViewModel.swift in Sources */ = {isa = PBXBuildFile; fileRef = 7886ED522B9C90F700BEBF85 /* PlayerAppSelectorViewModel.swift */; };
		7886ED562B9D16C700BEBF85 /* TaskTableViewController.swift in Sources */ = {isa = PBXBuildFile; fileRef = 7886ED552B9D16C700BEBF85 /* TaskTableViewController.swift */; };
		7886ED582B9D196C00BEBF85 /* TaskTableViewCell.swift in Sources */ = {isa = PBXBuildFile; fileRef = 7886ED572B9D196C00BEBF85 /* TaskTableViewCell.swift */; };
/* End PBXBuildFile section */

/* Begin PBXFileReference section */
		7865E1192B9B97B0000BDC55 /* BootcampUIKitExercises.app */ = {isa = PBXFileReference; explicitFileType = wrapper.application; includeInIndex = 0; path = BootcampUIKitExercises.app; sourceTree = BUILT_PRODUCTS_DIR; };
		7865E11C2B9B97B0000BDC55 /* AppDelegate.swift */ = {isa = PBXFileReference; lastKnownFileType = sourcecode.swift; path = AppDelegate.swift; sourceTree = "<group>"; };
		7865E11E2B9B97B0000BDC55 /* SceneDelegate.swift */ = {isa = PBXFileReference; lastKnownFileType = sourcecode.swift; path = SceneDelegate.swift; sourceTree = "<group>"; };
		7865E1202B9B97B0000BDC55 /* PlayerViewController.swift */ = {isa = PBXFileReference; lastKnownFileType = sourcecode.swift; path = PlayerViewController.swift; sourceTree = "<group>"; };
		7865E1232B9B97B0000BDC55 /* Base */ = {isa = PBXFileReference; lastKnownFileType = file.storyboard; name = Base; path = Base.lproj/Main.storyboard; sourceTree = "<group>"; };
		7865E1252B9B97B1000BDC55 /* Assets.xcassets */ = {isa = PBXFileReference; lastKnownFileType = folder.assetcatalog; path = Assets.xcassets; sourceTree = "<group>"; };
		7865E1282B9B97B1000BDC55 /* Base */ = {isa = PBXFileReference; lastKnownFileType = file.storyboard; name = Base; path = Base.lproj/LaunchScreen.storyboard; sourceTree = "<group>"; };
		7865E12A2B9B97B1000BDC55 /* Info.plist */ = {isa = PBXFileReference; lastKnownFileType = text.plist.xml; path = Info.plist; sourceTree = "<group>"; };
		788216882B9E250F00A307F1 /* HeroeLogic.swift */ = {isa = PBXFileReference; fileEncoding = 4; lastKnownFileType = sourcecode.swift; path = HeroeLogic.swift; sourceTree = "<group>"; };
		7882168A2B9E250F00A307F1 /* Base */ = {isa = PBXFileReference; lastKnownFileType = file.storyboard; name = Base; path = Base.lproj/Heroes.storyboard; sourceTree = "<group>"; };
		7882168C2B9E250F00A307F1 /* HeroesTableViewController.swift */ = {isa = PBXFileReference; fileEncoding = 4; lastKnownFileType = sourcecode.swift; path = HeroesTableViewController.swift; sourceTree = "<group>"; };
		7882168D2B9E250F00A307F1 /* HeroeDetailTableViewController.swift */ = {isa = PBXFileReference; fileEncoding = 4; lastKnownFileType = sourcecode.swift; path = HeroeDetailTableViewController.swift; sourceTree = "<group>"; };
		7882168F2B9E250F00A307F1 /* Heroe.swift */ = {isa = PBXFileReference; fileEncoding = 4; lastKnownFileType = sourcecode.swift; path = Heroe.swift; sourceTree = "<group>"; };
		788216912B9E250F00A307F1 /* JSONLoader.swift */ = {isa = PBXFileReference; fileEncoding = 4; lastKnownFileType = sourcecode.swift; path = JSONLoader.swift; sourceTree = "<group>"; };
		788216922B9E250F00A307F1 /* DataInteractor.swift */ = {isa = PBXFileReference; fileEncoding = 4; lastKnownFileType = sourcecode.swift; path = DataInteractor.swift; sourceTree = "<group>"; };
		7882169E2B9E298100A307F1 /* SuperHeroes.json */ = {isa = PBXFileReference; fileEncoding = 4; lastKnownFileType = text.json; path = SuperHeroes.json; sourceTree = "<group>"; };
		788216A12B9E56ED00A307F1 /* PlayerLogic.swift */ = {isa = PBXFileReference; lastKnownFileType = sourcecode.swift; path = PlayerLogic.swift; sourceTree = "<group>"; };
		788216A42B9E58A800A307F1 /* PlayerInteractor.swift */ = {isa = PBXFileReference; lastKnownFileType = sourcecode.swift; path = PlayerInteractor.swift; sourceTree = "<group>"; };
		7886ED4D2B9C832C00BEBF85 /* PlayerTableViewCell.swift */ = {isa = PBXFileReference; lastKnownFileType = sourcecode.swift; path = PlayerTableViewCell.swift; sourceTree = "<group>"; };
		7886ED4F2B9C8CC300BEBF85 /* PlayerViewController+TableViewExtension.swift */ = {isa = PBXFileReference; lastKnownFileType = sourcecode.swift; path = "PlayerViewController+TableViewExtension.swift"; sourceTree = "<group>"; };
		7886ED522B9C90F700BEBF85 /* PlayerAppSelectorViewModel.swift */ = {isa = PBXFileReference; lastKnownFileType = sourcecode.swift; path = PlayerAppSelectorViewModel.swift; sourceTree = "<group>"; };
		7886ED552B9D16C700BEBF85 /* TaskTableViewController.swift */ = {isa = PBXFileReference; lastKnownFileType = sourcecode.swift; path = TaskTableViewController.swift; sourceTree = "<group>"; };
		7886ED572B9D196C00BEBF85 /* TaskTableViewCell.swift */ = {isa = PBXFileReference; lastKnownFileType = sourcecode.swift; path = TaskTableViewCell.swift; sourceTree = "<group>"; };
/* End PBXFileReference section */

/* Begin PBXFrameworksBuildPhase section */
		7865E1162B9B97B0000BDC55 /* Frameworks */ = {
			isa = PBXFrameworksBuildPhase;
			buildActionMask = 2147483647;
			files = (
			);
			runOnlyForDeploymentPostprocessing = 0;
		};
/* End PBXFrameworksBuildPhase section */

/* Begin PBXGroup section */
		7865E1102B9B97B0000BDC55 = {
			isa = PBXGroup;
			children = (
				7865E11B2B9B97B0000BDC55 /* BootcampUIKitExercises */,
				7865E11A2B9B97B0000BDC55 /* Products */,
			);
			sourceTree = "<group>";
		};
		7865E11A2B9B97B0000BDC55 /* Products */ = {
			isa = PBXGroup;
			children = (
				7865E1192B9B97B0000BDC55 /* BootcampUIKitExercises.app */,
			);
			name = Products;
			sourceTree = "<group>";
		};
		7865E11B2B9B97B0000BDC55 /* BootcampUIKitExercises */ = {
			isa = PBXGroup;
			children = (
				788216842B9E250F00A307F1 /* Exercise4Heroes */,
				7886ED542B9D158400BEBF85 /* Exercise3TaskList */,
				7865E1312B9B984A000BDC55 /* Exercise1Player */,
				7865E1302B9B97E8000BDC55 /* System */,
				7865E1222B9B97B0000BDC55 /* Main.storyboard */,
				7865E1252B9B97B1000BDC55 /* Assets.xcassets */,
				7886ED4D2B9C832C00BEBF85 /* PlayerTableViewCell.swift */,
			);
			path = BootcampUIKitExercises;
			sourceTree = "<group>";
		};
		7865E1302B9B97E8000BDC55 /* System */ = {
			isa = PBXGroup;
			children = (
				7865E1272B9B97B1000BDC55 /* LaunchScreen.storyboard */,
				7865E11C2B9B97B0000BDC55 /* AppDelegate.swift */,
				7865E11E2B9B97B0000BDC55 /* SceneDelegate.swift */,
				7865E12A2B9B97B1000BDC55 /* Info.plist */,
			);
			path = System;
			sourceTree = "<group>";
		};
		7865E1312B9B984A000BDC55 /* Exercise1Player */ = {
			isa = PBXGroup;
			children = (
				788216A32B9E589700A307F1 /* Interactor */,
				788216A02B9E56E000A307F1 /* Logic */,
				7886ED512B9C90D700BEBF85 /* Model */,
				7865E1202B9B97B0000BDC55 /* PlayerViewController.swift */,
				7886ED4F2B9C8CC300BEBF85 /* PlayerViewController+TableViewExtension.swift */,
			);
			path = Exercise1Player;
			sourceTree = "<group>";
		};
		788216842B9E250F00A307F1 /* Exercise4Heroes */ = {
			isa = PBXGroup;
			children = (
				788216852B9E250F00A307F1 /* Resources */,
				788216872B9E250F00A307F1 /* Logic */,
				788216892B9E250F00A307F1 /* Heroes.storyboard */,
				7882168B2B9E250F00A307F1 /* ViewControllers */,
				7882168E2B9E250F00A307F1 /* Model */,
				788216902B9E250F00A307F1 /* Interactor */,
			);
			path = Exercise4Heroes;
			sourceTree = "<group>";
		};
		788216852B9E250F00A307F1 /* Resources */ = {
			isa = PBXGroup;
			children = (
				7882169E2B9E298100A307F1 /* SuperHeroes.json */,
			);
			path = Resources;
			sourceTree = "<group>";
		};
		788216872B9E250F00A307F1 /* Logic */ = {
			isa = PBXGroup;
			children = (
				788216882B9E250F00A307F1 /* HeroeLogic.swift */,
			);
			path = Logic;
			sourceTree = "<group>";
		};
		7882168B2B9E250F00A307F1 /* ViewControllers */ = {
			isa = PBXGroup;
			children = (
				7882168C2B9E250F00A307F1 /* HeroesTableViewController.swift */,
				7882168D2B9E250F00A307F1 /* HeroeDetailTableViewController.swift */,
			);
			path = ViewControllers;
			sourceTree = "<group>";
		};
		7882168E2B9E250F00A307F1 /* Model */ = {
			isa = PBXGroup;
			children = (
				7882168F2B9E250F00A307F1 /* Heroe.swift */,
			);
			path = Model;
			sourceTree = "<group>";
		};
		788216902B9E250F00A307F1 /* Interactor */ = {
			isa = PBXGroup;
			children = (
				788216912B9E250F00A307F1 /* JSONLoader.swift */,
				788216922B9E250F00A307F1 /* DataInteractor.swift */,
			);
			path = Interactor;
			sourceTree = "<group>";
		};
		788216A02B9E56E000A307F1 /* Logic */ = {
			isa = PBXGroup;
			children = (
				788216A12B9E56ED00A307F1 /* PlayerLogic.swift */,
			);
			path = Logic;
			sourceTree = "<group>";
		};
		788216A32B9E589700A307F1 /* Interactor */ = {
			isa = PBXGroup;
			children = (
				788216A42B9E58A800A307F1 /* PlayerInteractor.swift */,
			);
			path = Interactor;
			sourceTree = "<group>";
		};
		7886ED512B9C90D700BEBF85 /* Model */ = {
			isa = PBXGroup;
			children = (
				7886ED522B9C90F700BEBF85 /* PlayerAppSelectorViewModel.swift */,
			);
			path = Model;
			sourceTree = "<group>";
		};
		7886ED542B9D158400BEBF85 /* Exercise3TaskList */ = {
			isa = PBXGroup;
			children = (
				7886ED552B9D16C700BEBF85 /* TaskTableViewController.swift */,
				7886ED572B9D196C00BEBF85 /* TaskTableViewCell.swift */,
			);
			path = Exercise3TaskList;
			sourceTree = "<group>";
		};
/* End PBXGroup section */

/* Begin PBXNativeTarget section */
		7865E1182B9B97B0000BDC55 /* BootcampUIKitExercises */ = {
			isa = PBXNativeTarget;
			buildConfigurationList = 7865E12D2B9B97B1000BDC55 /* Build configuration list for PBXNativeTarget "BootcampUIKitExercises" */;
			buildPhases = (
				7865E1152B9B97B0000BDC55 /* Sources */,
				7865E1162B9B97B0000BDC55 /* Frameworks */,
				7865E1172B9B97B0000BDC55 /* Resources */,
			);
			buildRules = (
			);
			dependencies = (
			);
			name = BootcampUIKitExercises;
			productName = BootcampUIKitExercises;
			productReference = 7865E1192B9B97B0000BDC55 /* BootcampUIKitExercises.app */;
			productType = "com.apple.product-type.application";
		};
/* End PBXNativeTarget section */

/* Begin PBXProject section */
		7865E1112B9B97B0000BDC55 /* Project object */ = {
			isa = PBXProject;
			attributes = {
				BuildIndependentTargetsInParallel = 1;
				LastSwiftUpdateCheck = 1520;
				LastUpgradeCheck = 1520;
				TargetAttributes = {
					7865E1182B9B97B0000BDC55 = {
						CreatedOnToolsVersion = 15.2;
					};
				};
			};
			buildConfigurationList = 7865E1142B9B97B0000BDC55 /* Build configuration list for PBXProject "BootcampUIKitExercises" */;
			compatibilityVersion = "Xcode 14.0";
			developmentRegion = en;
			hasScannedForEncodings = 0;
			knownRegions = (
				en,
				Base,
			);
			mainGroup = 7865E1102B9B97B0000BDC55;
			productRefGroup = 7865E11A2B9B97B0000BDC55 /* Products */;
			projectDirPath = "";
			projectRoot = "";
			targets = (
				7865E1182B9B97B0000BDC55 /* BootcampUIKitExercises */,
			);
		};
/* End PBXProject section */

/* Begin PBXResourcesBuildPhase section */
		7865E1172B9B97B0000BDC55 /* Resources */ = {
			isa = PBXResourcesBuildPhase;
			buildActionMask = 2147483647;
			files = (
				788216952B9E250F00A307F1 /* Heroes.storyboard in Resources */,
				7865E1292B9B97B1000BDC55 /* LaunchScreen.storyboard in Resources */,
				7882169F2B9E298100A307F1 /* SuperHeroes.json in Resources */,
				7865E1262B9B97B1000BDC55 /* Assets.xcassets in Resources */,
				7865E1242B9B97B0000BDC55 /* Main.storyboard in Resources */,
			);
			runOnlyForDeploymentPostprocessing = 0;
		};
/* End PBXResourcesBuildPhase section */

/* Begin PBXSourcesBuildPhase section */
		7865E1152B9B97B0000BDC55 /* Sources */ = {
			isa = PBXSourcesBuildPhase;
			buildActionMask = 2147483647;
			files = (
				7886ED532B9C90F700BEBF85 /* PlayerAppSelectorViewModel.swift in Sources */,
				788216942B9E250F00A307F1 /* HeroeLogic.swift in Sources */,
				7886ED582B9D196C00BEBF85 /* TaskTableViewCell.swift in Sources */,
				788216992B9E250F00A307F1 /* JSONLoader.swift in Sources */,
				788216A52B9E58A800A307F1 /* PlayerInteractor.swift in Sources */,
				7886ED502B9C8CC300BEBF85 /* PlayerViewController+TableViewExtension.swift in Sources */,
				788216962B9E250F00A307F1 /* HeroesTableViewController.swift in Sources */,
				788216A22B9E56EE00A307F1 /* PlayerLogic.swift in Sources */,
				7882169A2B9E250F00A307F1 /* DataInteractor.swift in Sources */,
				7886ED4E2B9C832C00BEBF85 /* PlayerTableViewCell.swift in Sources */,
				788216972B9E250F00A307F1 /* HeroeDetailTableViewController.swift in Sources */,
				7865E1212B9B97B0000BDC55 /* PlayerViewController.swift in Sources */,
				7865E11D2B9B97B0000BDC55 /* AppDelegate.swift in Sources */,
				7886ED562B9D16C700BEBF85 /* TaskTableViewController.swift in Sources */,
				788216982B9E250F00A307F1 /* Heroe.swift in Sources */,
				7865E11F2B9B97B0000BDC55 /* SceneDelegate.swift in Sources */,
			);
			runOnlyForDeploymentPostprocessing = 0;
		};
/* End PBXSourcesBuildPhase section */

/* Begin PBXVariantGroup section */
		7865E1222B9B97B0000BDC55 /* Main.storyboard */ = {
			isa = PBXVariantGroup;
			children = (
				7865E1232B9B97B0000BDC55 /* Base */,
			);
			name = Main.storyboard;
			sourceTree = "<group>";
		};
		7865E1272B9B97B1000BDC55 /* LaunchScreen.storyboard */ = {
			isa = PBXVariantGroup;
			children = (
				7865E1282B9B97B1000BDC55 /* Base */,
			);
			name = LaunchScreen.storyboard;
			sourceTree = "<group>";
		};
		788216892B9E250F00A307F1 /* Heroes.storyboard */ = {
			isa = PBXVariantGroup;
			children = (
				7882168A2B9E250F00A307F1 /* Base */,
			);
			name = Heroes.storyboard;
			sourceTree = "<group>";
		};
/* End PBXVariantGroup section */

/* Begin XCBuildConfiguration section */
		7865E12B2B9B97B1000BDC55 /* Debug */ = {
			isa = XCBuildConfiguration;
			buildSettings = {
				ALWAYS_SEARCH_USER_PATHS = NO;
				ASSETCATALOG_COMPILER_GENERATE_SWIFT_ASSET_SYMBOL_EXTENSIONS = YES;
				CLANG_ANALYZER_NONNULL = YES;
				CLANG_ANALYZER_NUMBER_OBJECT_CONVERSION = YES_AGGRESSIVE;
				CLANG_CXX_LANGUAGE_STANDARD = "gnu++20";
				CLANG_ENABLE_MODULES = YES;
				CLANG_ENABLE_OBJC_ARC = YES;
				CLANG_ENABLE_OBJC_WEAK = YES;
				CLANG_WARN_BLOCK_CAPTURE_AUTORELEASING = YES;
				CLANG_WARN_BOOL_CONVERSION = YES;
				CLANG_WARN_COMMA = YES;
				CLANG_WARN_CONSTANT_CONVERSION = YES;
				CLANG_WARN_DEPRECATED_OBJC_IMPLEMENTATIONS = YES;
				CLANG_WARN_DIRECT_OBJC_ISA_USAGE = YES_ERROR;
				CLANG_WARN_DOCUMENTATION_COMMENTS = YES;
				CLANG_WARN_EMPTY_BODY = YES;
				CLANG_WARN_ENUM_CONVERSION = YES;
				CLANG_WARN_INFINITE_RECURSION = YES;
				CLANG_WARN_INT_CONVERSION = YES;
				CLANG_WARN_NON_LITERAL_NULL_CONVERSION = YES;
				CLANG_WARN_OBJC_IMPLICIT_RETAIN_SELF = YES;
				CLANG_WARN_OBJC_LITERAL_CONVERSION = YES;
				CLANG_WARN_OBJC_ROOT_CLASS = YES_ERROR;
				CLANG_WARN_QUOTED_INCLUDE_IN_FRAMEWORK_HEADER = YES;
				CLANG_WARN_RANGE_LOOP_ANALYSIS = YES;
				CLANG_WARN_STRICT_PROTOTYPES = YES;
				CLANG_WARN_SUSPICIOUS_MOVE = YES;
				CLANG_WARN_UNGUARDED_AVAILABILITY = YES_AGGRESSIVE;
				CLANG_WARN_UNREACHABLE_CODE = YES;
				CLANG_WARN__DUPLICATE_METHOD_MATCH = YES;
				COPY_PHASE_STRIP = NO;
				DEBUG_INFORMATION_FORMAT = dwarf;
				ENABLE_STRICT_OBJC_MSGSEND = YES;
				ENABLE_TESTABILITY = YES;
				ENABLE_USER_SCRIPT_SANDBOXING = YES;
				GCC_C_LANGUAGE_STANDARD = gnu17;
				GCC_DYNAMIC_NO_PIC = NO;
				GCC_NO_COMMON_BLOCKS = YES;
				GCC_OPTIMIZATION_LEVEL = 0;
				GCC_PREPROCESSOR_DEFINITIONS = (
					"DEBUG=1",
					"$(inherited)",
				);
				GCC_WARN_64_TO_32_BIT_CONVERSION = YES;
				GCC_WARN_ABOUT_RETURN_TYPE = YES_ERROR;
				GCC_WARN_UNDECLARED_SELECTOR = YES;
				GCC_WARN_UNINITIALIZED_AUTOS = YES_AGGRESSIVE;
				GCC_WARN_UNUSED_FUNCTION = YES;
				GCC_WARN_UNUSED_VARIABLE = YES;
				IPHONEOS_DEPLOYMENT_TARGET = 17.2;
				LOCALIZATION_PREFERS_STRING_CATALOGS = YES;
				MTL_ENABLE_DEBUG_INFO = INCLUDE_SOURCE;
				MTL_FAST_MATH = YES;
				ONLY_ACTIVE_ARCH = YES;
				SDKROOT = iphoneos;
				SWIFT_ACTIVE_COMPILATION_CONDITIONS = "DEBUG $(inherited)";
				SWIFT_OPTIMIZATION_LEVEL = "-Onone";
			};
			name = Debug;
		};
		7865E12C2B9B97B1000BDC55 /* Release */ = {
			isa = XCBuildConfiguration;
			buildSettings = {
				ALWAYS_SEARCH_USER_PATHS = NO;
				ASSETCATALOG_COMPILER_GENERATE_SWIFT_ASSET_SYMBOL_EXTENSIONS = YES;
				CLANG_ANALYZER_NONNULL = YES;
				CLANG_ANALYZER_NUMBER_OBJECT_CONVERSION = YES_AGGRESSIVE;
				CLANG_CXX_LANGUAGE_STANDARD = "gnu++20";
				CLANG_ENABLE_MODULES = YES;
				CLANG_ENABLE_OBJC_ARC = YES;
				CLANG_ENABLE_OBJC_WEAK = YES;
				CLANG_WARN_BLOCK_CAPTURE_AUTORELEASING = YES;
				CLANG_WARN_BOOL_CONVERSION = YES;
				CLANG_WARN_COMMA = YES;
				CLANG_WARN_CONSTANT_CONVERSION = YES;
				CLANG_WARN_DEPRECATED_OBJC_IMPLEMENTATIONS = YES;
				CLANG_WARN_DIRECT_OBJC_ISA_USAGE = YES_ERROR;
				CLANG_WARN_DOCUMENTATION_COMMENTS = YES;
				CLANG_WARN_EMPTY_BODY = YES;
				CLANG_WARN_ENUM_CONVERSION = YES;
				CLANG_WARN_INFINITE_RECURSION = YES;
				CLANG_WARN_INT_CONVERSION = YES;
				CLANG_WARN_NON_LITERAL_NULL_CONVERSION = YES;
				CLANG_WARN_OBJC_IMPLICIT_RETAIN_SELF = YES;
				CLANG_WARN_OBJC_LITERAL_CONVERSION = YES;
				CLANG_WARN_OBJC_ROOT_CLASS = YES_ERROR;
				CLANG_WARN_QUOTED_INCLUDE_IN_FRAMEWORK_HEADER = YES;
				CLANG_WARN_RANGE_LOOP_ANALYSIS = YES;
				CLANG_WARN_STRICT_PROTOTYPES = YES;
				CLANG_WARN_SUSPICIOUS_MOVE = YES;
				CLANG_WARN_UNGUARDED_AVAILABILITY = YES_AGGRESSIVE;
				CLANG_WARN_UNREACHABLE_CODE = YES;
				CLANG_WARN__DUPLICATE_METHOD_MATCH = YES;
				COPY_PHASE_STRIP = NO;
				DEBUG_INFORMATION_FORMAT = "dwarf-with-dsym";
				ENABLE_NS_ASSERTIONS = NO;
				ENABLE_STRICT_OBJC_MSGSEND = YES;
				ENABLE_USER_SCRIPT_SANDBOXING = YES;
				GCC_C_LANGUAGE_STANDARD = gnu17;
				GCC_NO_COMMON_BLOCKS = YES;
				GCC_WARN_64_TO_32_BIT_CONVERSION = YES;
				GCC_WARN_ABOUT_RETURN_TYPE = YES_ERROR;
				GCC_WARN_UNDECLARED_SELECTOR = YES;
				GCC_WARN_UNINITIALIZED_AUTOS = YES_AGGRESSIVE;
				GCC_WARN_UNUSED_FUNCTION = YES;
				GCC_WARN_UNUSED_VARIABLE = YES;
				IPHONEOS_DEPLOYMENT_TARGET = 17.2;
				LOCALIZATION_PREFERS_STRING_CATALOGS = YES;
				MTL_ENABLE_DEBUG_INFO = NO;
				MTL_FAST_MATH = YES;
				SDKROOT = iphoneos;
				SWIFT_COMPILATION_MODE = wholemodule;
				VALIDATE_PRODUCT = YES;
			};
			name = Release;
		};
		7865E12E2B9B97B1000BDC55 /* Debug */ = {
			isa = XCBuildConfiguration;
			buildSettings = {
				ASSETCATALOG_COMPILER_APPICON_NAME = AppIcon;
				ASSETCATALOG_COMPILER_GLOBAL_ACCENT_COLOR_NAME = AccentColor;
				CODE_SIGN_STYLE = Automatic;
				CURRENT_PROJECT_VERSION = 1;
				DEVELOPMENT_TEAM = NFHBGVPL44;
				GENERATE_INFOPLIST_FILE = YES;
				INFOPLIST_FILE = BootcampUIKitExercises/System/Info.plist;
				INFOPLIST_KEY_UIApplicationSupportsIndirectInputEvents = YES;
				INFOPLIST_KEY_UILaunchStoryboardName = LaunchScreen;
				INFOPLIST_KEY_UIMainStoryboardFile = Main;
				INFOPLIST_KEY_UISupportedInterfaceOrientations_iPad = "UIInterfaceOrientationPortrait UIInterfaceOrientationPortraitUpsideDown UIInterfaceOrientationLandscapeLeft UIInterfaceOrientationLandscapeRight";
				INFOPLIST_KEY_UISupportedInterfaceOrientations_iPhone = "UIInterfaceOrientationPortrait UIInterfaceOrientationLandscapeLeft UIInterfaceOrientationLandscapeRight";
				LD_RUNPATH_SEARCH_PATHS = (
					"$(inherited)",
					"@executable_path/Frameworks",
				);
				MARKETING_VERSION = 1.0;
				PRODUCT_BUNDLE_IDENTIFIER = jle.BootcampUIKitExercises;
				PRODUCT_NAME = "$(TARGET_NAME)";
				SWIFT_EMIT_LOC_STRINGS = YES;
				SWIFT_VERSION = 5.0;
				TARGETED_DEVICE_FAMILY = "1,2";
			};
			name = Debug;
		};
		7865E12F2B9B97B1000BDC55 /* Release */ = {
			isa = XCBuildConfiguration;
			buildSettings = {
				ASSETCATALOG_COMPILER_APPICON_NAME = AppIcon;
				ASSETCATALOG_COMPILER_GLOBAL_ACCENT_COLOR_NAME = AccentColor;
				CODE_SIGN_STYLE = Automatic;
				CURRENT_PROJECT_VERSION = 1;
				DEVELOPMENT_TEAM = NFHBGVPL44;
				GENERATE_INFOPLIST_FILE = YES;
				INFOPLIST_FILE = BootcampUIKitExercises/System/Info.plist;
				INFOPLIST_KEY_UIApplicationSupportsIndirectInputEvents = YES;
				INFOPLIST_KEY_UILaunchStoryboardName = LaunchScreen;
				INFOPLIST_KEY_UIMainStoryboardFile = Main;
				INFOPLIST_KEY_UISupportedInterfaceOrientations_iPad = "UIInterfaceOrientationPortrait UIInterfaceOrientationPortraitUpsideDown UIInterfaceOrientationLandscapeLeft UIInterfaceOrientationLandscapeRight";
				INFOPLIST_KEY_UISupportedInterfaceOrientations_iPhone = "UIInterfaceOrientationPortrait UIInterfaceOrientationLandscapeLeft UIInterfaceOrientationLandscapeRight";
				LD_RUNPATH_SEARCH_PATHS = (
					"$(inherited)",
					"@executable_path/Frameworks",
				);
				MARKETING_VERSION = 1.0;
				PRODUCT_BUNDLE_IDENTIFIER = jle.BootcampUIKitExercises;
				PRODUCT_NAME = "$(TARGET_NAME)";
				SWIFT_EMIT_LOC_STRINGS = YES;
				SWIFT_VERSION = 5.0;
				TARGETED_DEVICE_FAMILY = "1,2";
			};
			name = Release;
		};
/* End XCBuildConfiguration section */

/* Begin XCConfigurationList section */
		7865E1142B9B97B0000BDC55 /* Build configuration list for PBXProject "BootcampUIKitExercises" */ = {
			isa = XCConfigurationList;
			buildConfigurations = (
				7865E12B2B9B97B1000BDC55 /* Debug */,
				7865E12C2B9B97B1000BDC55 /* Release */,
			);
			defaultConfigurationIsVisible = 0;
			defaultConfigurationName = Release;
		};
		7865E12D2B9B97B1000BDC55 /* Build configuration list for PBXNativeTarget "BootcampUIKitExercises" */ = {
			isa = XCConfigurationList;
			buildConfigurations = (
				7865E12E2B9B97B1000BDC55 /* Debug */,
				7865E12F2B9B97B1000BDC55 /* Release */,
			);
			defaultConfigurationIsVisible = 0;
			defaultConfigurationName = Release;
		};
/* End XCConfigurationList section */
	};
	rootObject = 7865E1112B9B97B0000BDC55 /* Project object */;
}
